dependencies:
- name: postgresql
  repository: oci://registry-1.docker.io/bitnamicharts
  version: 15.3.0
- name: redis
  repository: oci://registry-1.docker.io/bitnamicharts
  version: 19.1.1
digest: sha256:cca868c6d94ca6474ff245adb7bc3ad5b44ac3d33079515d8d956450eddee75f
generated: "2025-10-30T11:22:31.382040253+01:00"
