dependencies:
- name: postgres
  repository: oci://registry-1.docker.io/cloudpirates
  version: 0.8.2
- name: opentelemetry-collector
  repository: https://open-telemetry.github.io/opentelemetry-helm-charts
  version: 0.169.0
digest: sha256:c735b4834fdfc52d7ae78f953bf5fa0224943a9ccef2909b4bc2976432e6ba10
generated: "2026-09-01T09:08:22.474361767+01:00"
