dependencies:
- name: postgres
  repository: oci://registry-1.docker.io/cloudpirates
  version: 0.8.2
- name: redis-ha
  repository: https://dandydeveloper.github.io/charts
  version: 4.35.0
- name: opentelemetry-collector
  repository: https://open-telemetry.github.io/opentelemetry-helm-charts
  version: 0.166.0
digest: sha256:b64caba85813cfcab2bbf41b73839332979805815f0a8a78b38240e4790c546f
generated: "2026-08-04T09:59:49.45571+01:00"
