dependencies:
- name: postgres
  repository: oci://registry-1.docker.io/cloudpirates
  version: 0.8.2
- name: redis-ha
  repository: https://dandydeveloper.github.io/charts
  version: 4.35.0
digest: sha256:a9fccbf9d263c8fc9716bb3451f46e55d8929c3f5a88bb53a87ca7b8494b16e9
generated: "2026-08-05T09:24:21.284295274+01:00"
