dependencies:
- name: postgresql
  repository: https://charts.bitnami.com/bitnami
  version: 16.7.6
- name: redis
  repository: https://charts.bitnami.com/bitnami
  version: 21.2.13
digest: sha256:248d7c26198ad6f10b69a2b4c7f8f9f54f91b5515ab3158470a13d8bc7e443b0
generated: "2025-07-25T13:17:59.506276803+01:00"
