dependencies:
- name: postgresql
  repository: https://charts.bitnami.com/bitnami
  version: 14.2.3
- name: redis
  repository: https://charts.bitnami.com/bitnami
  version: 18.14.0
digest: sha256:828a159deeaf2db9d931d813709902072c229bc7d8f0118da6bafe7ea6691033
generated: "2025-11-05T14:46:21.096723622+01:00"
